
Microsoft Visual Studio Solution File, Format Version 12.00
# Visual Studio Version 17
VisualStudioVersion = 17.2.32516.85
MinimumVisualStudioVersion = 10.0.40219.1
Project("{FAE04EC0-301F-11D3-BF4B-00C04F79EFBC}") = "tarea 5", "tarea 5.csproj", "{732C1F3A-BFD6-4F56-9F3A-940A1C968F82}"
EndProject
Global
	GlobalSection(SolutionConfigurationPlatforms) = preSolution
		Debug|Any CPU = Debug|Any CPU
		Release|Any CPU = Release|Any CPU
	EndGlobalSection
	GlobalSection(ProjectConfigurationPlatforms) = postSolution
		{732C1F3A-BFD6-4F56-9F3A-940A1C968F82}.Debug|Any CPU.ActiveCfg = Debug|Any CPU
		{732C1F3A-BFD6-4F56-9F3A-940A1C968F82}.Debug|Any CPU.Build.0 = Debug|Any CPU
		{732C1F3A-BFD6-4F56-9F3A-940A1C968F82}.Release|Any CPU.ActiveCfg = Release|Any CPU
		{732C1F3A-BFD6-4F56-9F3A-940A1C968F82}.Release|Any CPU.Build.0 = Release|Any CPU
	EndGlobalSection
	GlobalSection(SolutionProperties) = preSolution
		HideSolutionNode = FALSE
	EndGlobalSection
	GlobalSection(ExtensibilityGlobals) = postSolution
		SolutionGuid = {851C176E-0C2D-4EC5-B8DF-E7A32DE872E0}
	EndGlobalSection
EndGlobal
